
Microsoft Visual Studio Solution File, Format Version 12.00
# Visual Studio Version 17
VisualStudioVersion = 17.4.33122.133
MinimumVisualStudioVersion = 10.0.40219.1
Project("{9A19103F-16F7-4668-BE54-9A1E7A4F7556}") = "LogiWereHubSite2", "LogiWereHubSite2\LogiWereHubSite2.csproj", "{BBBCC0AB-F07F-491F-BC71-52890A1B7F52}"
EndProject
Global
	GlobalSection(SolutionConfigurationPlatforms) = preSolution
		Debug|Any CPU = Debug|Any CPU
		Release|Any CPU = Release|Any CPU
	EndGlobalSection
	GlobalSection(ProjectConfigurationPlatforms) = postSolution
		{BBBCC0AB-F07F-491F-BC71-52890A1B7F52}.Debug|Any CPU.ActiveCfg = Debug|Any CPU
		{BBBCC0AB-F07F-491F-BC71-52890A1B7F52}.Debug|Any CPU.Build.0 = Debug|Any CPU
		{BBBCC0AB-F07F-491F-BC71-52890A1B7F52}.Release|Any CPU.ActiveCfg = Release|Any CPU
		{BBBCC0AB-F07F-491F-BC71-52890A1B7F52}.Release|Any CPU.Build.0 = Release|Any CPU
	EndGlobalSection
	GlobalSection(SolutionProperties) = preSolution
		HideSolutionNode = FALSE
	EndGlobalSection
	GlobalSection(ExtensibilityGlobals) = postSolution
		SolutionGuid = {F2423F9C-A9DA-4279-BDC8-A8CA91C1E775}
	EndGlobalSection
EndGlobal
